
Microsoft Visual Studio Solution File, Format Version 12.00
# Visual Studio Version 17
VisualStudioVersion = 17.7.34221.43
MinimumVisualStudioVersion = 10.0.40219.1
Project("{FAE04EC0-301F-11D3-BF4B-00C04F79EFBC}") = "Weather", "Weather\Weather.csproj", "{14DDED02-768A-44F5-8452-E4A61B56EAE8}"
EndProject
Global
	GlobalSection(SolutionConfigurationPlatforms) = preSolution
		Debug|Any CPU = Debug|Any CPU
		Release|Any CPU = Release|Any CPU
	EndGlobalSection
	GlobalSection(ProjectConfigurationPlatforms) = postSolution
		{14DDED02-768A-44F5-8452-E4A61B56EAE8}.Debug|Any CPU.ActiveCfg = Debug|Any CPU
		{14DDED02-768A-44F5-8452-E4A61B56EAE8}.Debug|Any CPU.Build.0 = Debug|Any CPU
		{14DDED02-768A-44F5-8452-E4A61B56EAE8}.Release|Any CPU.ActiveCfg = Release|Any CPU
		{14DDED02-768A-44F5-8452-E4A61B56EAE8}.Release|Any CPU.Build.0 = Release|Any CPU
	EndGlobalSection
	GlobalSection(SolutionProperties) = preSolution
		HideSolutionNode = FALSE
	EndGlobalSection
	GlobalSection(ExtensibilityGlobals) = postSolution
		SolutionGuid = {BB8450CF-8400-43F9-9709-AA4D417D948F}
	EndGlobalSection
EndGlobal
